// !$*UTF8*$!
{
	archiveVersion = 1;
	classes = {
	};
	objectVersion = 46;
	objects = {

/* Begin PBXFileReference section */
		693BEE5F1833F3B6005F9395 /* Battery_Sony-VAIO-S.txt */ = {isa = PBXFileReference; lastKnownFileType = text; path = "Battery_Sony-VAIO-S.txt"; sourceTree = "<group>"; };
		693BEE601833F3B6005F9395 /* Intel_HD3K_1920x1080.txt */ = {isa = PBXFileReference; lastKnownFileType = text; path = Intel_HD3K_1920x1080.txt; sourceTree = "<group>"; };
		693BEE611833F3B6005F9395 /* NullPatch.txt */ = {isa = PBXFileReference; lastKnownFileType = text; path = NullPatch.txt; sourceTree = "<group>"; };
/* End PBXFileReference section */

/* Begin PBXGroup section */
		693BEE571833F295005F9395 = {
			isa = PBXGroup;
			children = (
				693BEE5E1833F3B6005F9395 /* Patches */,
			);
			sourceTree = "<group>";
		};
		693BEE5E1833F3B6005F9395 /* Patches */ = {
			isa = PBXGroup;
			children = (
				693BEE5F1833F3B6005F9395 /* Battery_Sony-VAIO-S.txt */,
				693BEE601833F3B6005F9395 /* Intel_HD3K_1920x1080.txt */,
				693BEE611833F3B6005F9395 /* NullPatch.txt */,
			);
			path = Patches;
			sourceTree = "<group>";
		};
/* End PBXGroup section */

/* Begin PBXProject section */
		693BEE581833F295005F9395 /* Project object */ = {
			isa = PBXProject;
			attributes = {
				LastUpgradeCheck = 0500;
			};
			buildConfigurationList = 693BEE5B1833F295005F9395 /* Build configuration list for PBXProject "Sony-S-DSDT-Patches" */;
			compatibilityVersion = "Xcode 3.2";
			developmentRegion = English;
			hasScannedForEncodings = 0;
			knownRegions = (
				en,
			);
			mainGroup = 693BEE571833F295005F9395;
			projectDirPath = "";
			projectRoot = "";
			targets = (
			);
		};
/* End PBXProject section */

/* Begin XCBuildConfiguration section */
		693BEE5C1833F295005F9395 /* Debug */ = {
			isa = XCBuildConfiguration;
			buildSettings = {
			};
			name = Debug;
		};
		693BEE5D1833F295005F9395 /* Release */ = {
			isa = XCBuildConfiguration;
			buildSettings = {
			};
			name = Release;
		};
/* End XCBuildConfiguration section */

/* Begin XCConfigurationList section */
		693BEE5B1833F295005F9395 /* Build configuration list for PBXProject "Sony-S-DSDT-Patches" */ = {
			isa = XCConfigurationList;
			buildConfigurations = (
				693BEE5C1833F295005F9395 /* Debug */,
				693BEE5D1833F295005F9395 /* Release */,
			);
			defaultConfigurationIsVisible = 0;
			defaultConfigurationName = Release;
		};
/* End XCConfigurationList section */
	};
	rootObject = 693BEE581833F295005F9395 /* Project object */;
}
