// !$*UTF8*$!
{
	archiveVersion = 1;
	classes = {
	};
	objectVersion = 46;
	objects = {

/* Begin PBXFileReference section */
		693BEE5F1833F3B6005F9395 /* Battery_Sony-VAIO-S-Dual.txt */ = {isa = PBXFileReference; lastKnownFileType = text; path = "Battery_Sony-VAIO-S-Dual.txt"; sourceTree = "<group>"; };
		693BEE601833F3B6005F9395 /* Intel_HD3K_1920x1080.txt */ = {isa = PBXFileReference; lastKnownFileType = text; path = Intel_HD3K_1920x1080.txt; sourceTree = "<group>"; };
		693BEE611833F3B6005F9395 /* NullPatch.txt */ = {isa = PBXFileReference; lastKnownFileType = text; path = NullPatch.txt; sourceTree = "<group>"; };
		693BEE621833F492005F9395 /* .maciasl */ = {isa = PBXFileReference; lastKnownFileType = text; path = .maciasl; sourceTree = "<group>"; };
		693BEE631833F627005F9395 /* README.md */ = {isa = PBXFileReference; lastKnownFileType = text; path = README.md; sourceTree = "<group>"; };
		693BEE641833F66A005F9395 /* License.md */ = {isa = PBXFileReference; lastKnownFileType = text; path = License.md; sourceTree = "<group>"; };
		69ADB44C1835329500D29E9E /* Battery_Sony-VAIO-S-Single.txt */ = {isa = PBXFileReference; lastKnownFileType = text; path = "Battery_Sony-VAIO-S-Single.txt"; sourceTree = "<group>"; };
		69ADB44D1835331600D29E9E /* Intel_HD3K_1600x900.txt */ = {isa = PBXFileReference; lastKnownFileType = text; path = Intel_HD3K_1600x900.txt; sourceTree = "<group>"; };
		69ADB44E183533CD00D29E9E /* Intel_HD3K_1366x768.txt */ = {isa = PBXFileReference; lastKnownFileType = text; path = Intel_HD3K_1366x768.txt; sourceTree = "<group>"; };
		69ADB44F183540DE00D29E9E /* Fix_Device_PS2M.txt */ = {isa = PBXFileReference; lastKnownFileType = text; path = Fix_Device_PS2M.txt; sourceTree = "<group>"; };
		69ADB4511835464000D29E9E /* Fix_Raid_AHCI.txt */ = {isa = PBXFileReference; lastKnownFileType = text; path = Fix_Raid_AHCI.txt; sourceTree = "<group>"; };
		69ADB4521835473800D29E9E /* Fix_Device_HDEF.txt */ = {isa = PBXFileReference; lastKnownFileType = text; path = Fix_Device_HDEF.txt; sourceTree = "<group>"; };
		69BEABB018359C36009F9DF9 /* Disable_AMD_GPU.txt */ = {isa = PBXFileReference; lastKnownFileType = text; path = Disable_AMD_GPU.txt; sourceTree = "<group>"; };
/* End PBXFileReference section */

/* Begin PBXGroup section */
		693BEE571833F295005F9395 = {
			isa = PBXGroup;
			children = (
				693BEE621833F492005F9395 /* .maciasl */,
				693BEE641833F66A005F9395 /* License.md */,
				693BEE631833F627005F9395 /* README.md */,
				693BEE5E1833F3B6005F9395 /* Patches */,
			);
			sourceTree = "<group>";
		};
		693BEE5E1833F3B6005F9395 /* Patches */ = {
			isa = PBXGroup;
			children = (
				693BEE5F1833F3B6005F9395 /* Battery_Sony-VAIO-S-Dual.txt */,
				69ADB44C1835329500D29E9E /* Battery_Sony-VAIO-S-Single.txt */,
				69ADB4511835464000D29E9E /* Fix_Raid_AHCI.txt */,
				69ADB44F183540DE00D29E9E /* Fix_Device_PS2M.txt */,
				69BEABB018359C36009F9DF9 /* Disable_AMD_GPU.txt */,
				69ADB4521835473800D29E9E /* Fix_Device_HDEF.txt */,
				693BEE601833F3B6005F9395 /* Intel_HD3K_1920x1080.txt */,
				69ADB44D1835331600D29E9E /* Intel_HD3K_1600x900.txt */,
				69ADB44E183533CD00D29E9E /* Intel_HD3K_1366x768.txt */,
				693BEE611833F3B6005F9395 /* NullPatch.txt */,
			);
			path = Patches;
			sourceTree = "<group>";
		};
/* End PBXGroup section */

/* Begin PBXProject section */
		693BEE581833F295005F9395 /* Project object */ = {
			isa = PBXProject;
			attributes = {
				LastUpgradeCheck = 0500;
			};
			buildConfigurationList = 693BEE5B1833F295005F9395 /* Build configuration list for PBXProject "Sony-S-DSDT-Patches" */;
			compatibilityVersion = "Xcode 3.2";
			developmentRegion = English;
			hasScannedForEncodings = 0;
			knownRegions = (
				en,
			);
			mainGroup = 693BEE571833F295005F9395;
			projectDirPath = "";
			projectRoot = "";
			targets = (
			);
		};
/* End PBXProject section */

/* Begin XCBuildConfiguration section */
		693BEE5C1833F295005F9395 /* Debug */ = {
			isa = XCBuildConfiguration;
			buildSettings = {
			};
			name = Debug;
		};
		693BEE5D1833F295005F9395 /* Release */ = {
			isa = XCBuildConfiguration;
			buildSettings = {
			};
			name = Release;
		};
/* End XCBuildConfiguration section */

/* Begin XCConfigurationList section */
		693BEE5B1833F295005F9395 /* Build configuration list for PBXProject "Sony-S-DSDT-Patches" */ = {
			isa = XCConfigurationList;
			buildConfigurations = (
				693BEE5C1833F295005F9395 /* Debug */,
				693BEE5D1833F295005F9395 /* Release */,
			);
			defaultConfigurationIsVisible = 0;
			defaultConfigurationName = Release;
		};
/* End XCConfigurationList section */
	};
	rootObject = 693BEE581833F295005F9395 /* Project object */;
}
