// !$*UTF8*$!
{
	archiveVersion = 1;
	classes = {
	};
	objectVersion = 46;
	objects = {

/* Begin PBXGroup section */
		693BEE571833F295005F9395 = {
			isa = PBXGroup;
			children = (
			);
			sourceTree = "<group>";
		};
/* End PBXGroup section */

/* Begin PBXProject section */
		693BEE581833F295005F9395 /* Project object */ = {
			isa = PBXProject;
			attributes = {
				LastUpgradeCheck = 0500;
			};
			buildConfigurationList = 693BEE5B1833F295005F9395 /* Build configuration list for PBXProject "Sony-S-DSDT-Patches" */;
			compatibilityVersion = "Xcode 3.2";
			developmentRegion = English;
			hasScannedForEncodings = 0;
			knownRegions = (
				en,
			);
			mainGroup = 693BEE571833F295005F9395;
			projectDirPath = "";
			projectRoot = "";
			targets = (
			);
		};
/* End PBXProject section */

/* Begin XCBuildConfiguration section */
		693BEE5C1833F295005F9395 /* Debug */ = {
			isa = XCBuildConfiguration;
			buildSettings = {
			};
			name = Debug;
		};
		693BEE5D1833F295005F9395 /* Release */ = {
			isa = XCBuildConfiguration;
			buildSettings = {
			};
			name = Release;
		};
/* End XCBuildConfiguration section */

/* Begin XCConfigurationList section */
		693BEE5B1833F295005F9395 /* Build configuration list for PBXProject "Sony-S-DSDT-Patches" */ = {
			isa = XCConfigurationList;
			buildConfigurations = (
				693BEE5C1833F295005F9395 /* Debug */,
				693BEE5D1833F295005F9395 /* Release */,
			);
			defaultConfigurationIsVisible = 0;
			defaultConfigurationName = Release;
		};
/* End XCConfigurationList section */
	};
	rootObject = 693BEE581833F295005F9395 /* Project object */;
}
